
Microsoft Visual Studio Solution File, Format Version 12.00
# Visual Studio 14
VisualStudioVersion = 14.0.24720.0
MinimumVisualStudioVersion = 10.0.40219.1
Project("{FAE04EC0-301F-11D3-BF4B-00C04F79EFBC}") = "GestioneChiamatePerse", "GestioneChiamatePerse\GestioneChiamatePerse.csproj", "{38C05490-685F-41EC-9E84-DB664FD0D888}"
EndProject
Project("{FAE04EC0-301F-11D3-BF4B-00C04F79EFBC}") = "GCPData", "GCPData\GCPData.csproj", "{50FC2C80-0F30-4287-8B14-654B36E682A2}"
EndProject
Project("{FAE04EC0-301F-11D3-BF4B-00C04F79EFBC}") = "WSChiamatePerse", "WSChiamatePerse\WSChiamatePerse.csproj", "{FF683327-3314-4233-BDB1-E562D1690A1A}"
EndProject
Project("{FAE04EC0-301F-11D3-BF4B-00C04F79EFBC}") = "IDAL", "IDAL\IDAL.csproj", "{AB3F8C7C-6FAB-42A2-8C32-2EFAC7BB5F51}"
EndProject
Project("{FAE04EC0-301F-11D3-BF4B-00C04F79EFBC}") = "DataAccessLayer", "DAL\DataAccessLayer.csproj", "{A64AC362-2A93-4A7A-9CF6-06C0D0D377DD}"
EndProject
Project("{FAE04EC0-301F-11D3-BF4B-00C04F79EFBC}") = "GeneralPurposeLib", "GeneralPurposeLib\GeneralPurposeLib.csproj", "{2122CCC2-D83C-4CE6-A358-C2E772E4F6DF}"
EndProject
Project("{2150E333-8FDC-42A3-9474-1A3956D46DE8}") = "ServizioChiamatePerse", "ServizioChiamatePerse", "{5DC48D06-2D95-47B1-A390-CCB2C9D8DADA}"
EndProject
Project("{FAE04EC0-301F-11D3-BF4B-00C04F79EFBC}") = "IBLL", "IBLL\IBLL.csproj", "{3387CDB0-421D-41DA-843D-0948AAB955C9}"
EndProject
Project("{FAE04EC0-301F-11D3-BF4B-00C04F79EFBC}") = "TestServizio", "TestServizio\TestServizio.csproj", "{E1472AAF-D2A3-44DD-B279-F971618683FF}"
EndProject
Project("{FAE04EC0-301F-11D3-BF4B-00C04F79EFBC}") = "BusinessLogicLayer", "BusinessLogicLayer\BusinessLogicLayer.csproj", "{784B7562-1F51-4FE5-B3F3-2EEE12E4CF0D}"
EndProject
Project("{FAE04EC0-301F-11D3-BF4B-00C04F79EFBC}") = "OperationStatusNotifier", "OperationStatusNotifier\OperationStatusNotifier.csproj", "{8FF36043-E78C-46C5-BCC5-883DD716D23C}"
EndProject
Global
	GlobalSection(SolutionConfigurationPlatforms) = preSolution
		Debug|Any CPU = Debug|Any CPU
		Release|Any CPU = Release|Any CPU
	EndGlobalSection
	GlobalSection(ProjectConfigurationPlatforms) = postSolution
		{38C05490-685F-41EC-9E84-DB664FD0D888}.Debug|Any CPU.ActiveCfg = Debug|Any CPU
		{38C05490-685F-41EC-9E84-DB664FD0D888}.Debug|Any CPU.Build.0 = Debug|Any CPU
		{38C05490-685F-41EC-9E84-DB664FD0D888}.Release|Any CPU.ActiveCfg = Release|Any CPU
		{38C05490-685F-41EC-9E84-DB664FD0D888}.Release|Any CPU.Build.0 = Release|Any CPU
		{50FC2C80-0F30-4287-8B14-654B36E682A2}.Debug|Any CPU.ActiveCfg = Debug|Any CPU
		{50FC2C80-0F30-4287-8B14-654B36E682A2}.Debug|Any CPU.Build.0 = Debug|Any CPU
		{50FC2C80-0F30-4287-8B14-654B36E682A2}.Release|Any CPU.ActiveCfg = Release|Any CPU
		{50FC2C80-0F30-4287-8B14-654B36E682A2}.Release|Any CPU.Build.0 = Release|Any CPU
		{FF683327-3314-4233-BDB1-E562D1690A1A}.Debug|Any CPU.ActiveCfg = Debug|Any CPU
		{FF683327-3314-4233-BDB1-E562D1690A1A}.Debug|Any CPU.Build.0 = Debug|Any CPU
		{FF683327-3314-4233-BDB1-E562D1690A1A}.Release|Any CPU.ActiveCfg = Release|Any CPU
		{FF683327-3314-4233-BDB1-E562D1690A1A}.Release|Any CPU.Build.0 = Release|Any CPU
		{AB3F8C7C-6FAB-42A2-8C32-2EFAC7BB5F51}.Debug|Any CPU.ActiveCfg = Debug|Any CPU
		{AB3F8C7C-6FAB-42A2-8C32-2EFAC7BB5F51}.Debug|Any CPU.Build.0 = Debug|Any CPU
		{AB3F8C7C-6FAB-42A2-8C32-2EFAC7BB5F51}.Release|Any CPU.ActiveCfg = Release|Any CPU
		{AB3F8C7C-6FAB-42A2-8C32-2EFAC7BB5F51}.Release|Any CPU.Build.0 = Release|Any CPU
		{A64AC362-2A93-4A7A-9CF6-06C0D0D377DD}.Debug|Any CPU.ActiveCfg = Debug|Any CPU
		{A64AC362-2A93-4A7A-9CF6-06C0D0D377DD}.Debug|Any CPU.Build.0 = Debug|Any CPU
		{A64AC362-2A93-4A7A-9CF6-06C0D0D377DD}.Release|Any CPU.ActiveCfg = Release|Any CPU
		{A64AC362-2A93-4A7A-9CF6-06C0D0D377DD}.Release|Any CPU.Build.0 = Release|Any CPU
		{2122CCC2-D83C-4CE6-A358-C2E772E4F6DF}.Debug|Any CPU.ActiveCfg = Debug|Any CPU
		{2122CCC2-D83C-4CE6-A358-C2E772E4F6DF}.Debug|Any CPU.Build.0 = Debug|Any CPU
		{2122CCC2-D83C-4CE6-A358-C2E772E4F6DF}.Release|Any CPU.ActiveCfg = Release|Any CPU
		{2122CCC2-D83C-4CE6-A358-C2E772E4F6DF}.Release|Any CPU.Build.0 = Release|Any CPU
		{3387CDB0-421D-41DA-843D-0948AAB955C9}.Debug|Any CPU.ActiveCfg = Debug|Any CPU
		{3387CDB0-421D-41DA-843D-0948AAB955C9}.Debug|Any CPU.Build.0 = Debug|Any CPU
		{3387CDB0-421D-41DA-843D-0948AAB955C9}.Release|Any CPU.ActiveCfg = Release|Any CPU
		{3387CDB0-421D-41DA-843D-0948AAB955C9}.Release|Any CPU.Build.0 = Release|Any CPU
		{E1472AAF-D2A3-44DD-B279-F971618683FF}.Debug|Any CPU.ActiveCfg = Debug|Any CPU
		{E1472AAF-D2A3-44DD-B279-F971618683FF}.Debug|Any CPU.Build.0 = Debug|Any CPU
		{E1472AAF-D2A3-44DD-B279-F971618683FF}.Release|Any CPU.ActiveCfg = Release|Any CPU
		{E1472AAF-D2A3-44DD-B279-F971618683FF}.Release|Any CPU.Build.0 = Release|Any CPU
		{784B7562-1F51-4FE5-B3F3-2EEE12E4CF0D}.Debug|Any CPU.ActiveCfg = Debug|Any CPU
		{784B7562-1F51-4FE5-B3F3-2EEE12E4CF0D}.Debug|Any CPU.Build.0 = Debug|Any CPU
		{784B7562-1F51-4FE5-B3F3-2EEE12E4CF0D}.Release|Any CPU.ActiveCfg = Release|Any CPU
		{784B7562-1F51-4FE5-B3F3-2EEE12E4CF0D}.Release|Any CPU.Build.0 = Release|Any CPU
		{8FF36043-E78C-46C5-BCC5-883DD716D23C}.Debug|Any CPU.ActiveCfg = Debug|Any CPU
		{8FF36043-E78C-46C5-BCC5-883DD716D23C}.Debug|Any CPU.Build.0 = Debug|Any CPU
		{8FF36043-E78C-46C5-BCC5-883DD716D23C}.Release|Any CPU.ActiveCfg = Release|Any CPU
		{8FF36043-E78C-46C5-BCC5-883DD716D23C}.Release|Any CPU.Build.0 = Release|Any CPU
	EndGlobalSection
	GlobalSection(SolutionProperties) = preSolution
		HideSolutionNode = FALSE
	EndGlobalSection
	GlobalSection(NestedProjects) = preSolution
		{FF683327-3314-4233-BDB1-E562D1690A1A} = {5DC48D06-2D95-47B1-A390-CCB2C9D8DADA}
		{AB3F8C7C-6FAB-42A2-8C32-2EFAC7BB5F51} = {5DC48D06-2D95-47B1-A390-CCB2C9D8DADA}
		{A64AC362-2A93-4A7A-9CF6-06C0D0D377DD} = {5DC48D06-2D95-47B1-A390-CCB2C9D8DADA}
		{2122CCC2-D83C-4CE6-A358-C2E772E4F6DF} = {5DC48D06-2D95-47B1-A390-CCB2C9D8DADA}
		{3387CDB0-421D-41DA-843D-0948AAB955C9} = {5DC48D06-2D95-47B1-A390-CCB2C9D8DADA}
		{784B7562-1F51-4FE5-B3F3-2EEE12E4CF0D} = {5DC48D06-2D95-47B1-A390-CCB2C9D8DADA}
		{8FF36043-E78C-46C5-BCC5-883DD716D23C} = {5DC48D06-2D95-47B1-A390-CCB2C9D8DADA}
	EndGlobalSection
EndGlobal
